{
  "name": "relateby-graph-example",
  "version": "0.1.0",
  "lockfileVersion": 2,
  "requires": true,
  "packages": {
    "": {
      "name": "relateby-graph-example",
      "version": "0.1.0",
      "dependencies": {
        "@relateby/graph": "file:../../../typescript/packages/graph",
        "@relateby/pattern": "file:../../../typescript/packages/pattern",
        "effect": "^3.20.0"
      }
    },
    "../../../typescript/packages/graph": {
      "version": "0.4.1",
      "license": "BSD-3-Clause",
      "devDependencies": {
        "typescript": "^5.0.0",
        "vitest": "^2.0.0"
      }
    },
    "../../../typescript/packages/pattern": {
      "version": "0.4.1",
      "license": "BSD-3-Clause",
      "devDependencies": {
        "@types/node": "^25.3.0",
        "rollup": "^4.59.0",
        "typescript": "^5.0.0",
        "vitest": "^2.0.0"
      },
      "peerDependencies": {
        "effect": ">=3.0.0"
      }
    },
    "node_modules/@relateby/graph": {
      "resolved": "../../../typescript/packages/graph",
      "link": true
    },
    "node_modules/@relateby/pattern": {
      "resolved": "../../../typescript/packages/pattern",
      "link": true
    },
    "node_modules/@standard-schema/spec": {
      "version": "1.1.0",
      "resolved": "https://registry.npmjs.org/@standard-schema/spec/-/spec-1.1.0.tgz",
      "integrity": "sha512-l2aFy5jALhniG5HgqrD6jXLi/rUWrKvqN/qJx6yoJsgKhblVd+iqqU4RCXavm/jPityDo5TCvKMnpjKnOriy0w=="
    },
    "node_modules/effect": {
      "version": "3.20.0",
      "resolved": "https://registry.npmjs.org/effect/-/effect-3.20.0.tgz",
      "integrity": "sha512-qMLfDJscrNG8p/aw+IkT9W7fgj50Z4wG5bLBy0Txsxz8iUHjDIkOgO3SV0WZfnQbNG2VJYb0b+rDLMrhM4+Krw==",
      "dependencies": {
        "@standard-schema/spec": "^1.0.0",
        "fast-check": "^3.23.1"
      }
    },
    "node_modules/fast-check": {
      "version": "3.23.2",
      "resolved": "https://registry.npmjs.org/fast-check/-/fast-check-3.23.2.tgz",
      "integrity": "sha512-h5+1OzzfCC3Ef7VbtKdcv7zsstUQwUDlYpUTvjeUsJAssPgLn7QzbboPtL5ro04Mq0rPOsMzl7q5hIbRs2wD1A==",
      "funding": [
        {
          "type": "individual",
          "url": "https://github.com/sponsors/dubzzz"
        },
        {
          "type": "opencollective",
          "url": "https://opencollective.com/fast-check"
        }
      ],
      "dependencies": {
        "pure-rand": "^6.1.0"
      },
      "engines": {
        "node": ">=8.0.0"
      }
    },
    "node_modules/pure-rand": {
      "version": "6.1.0",
      "resolved": "https://registry.npmjs.org/pure-rand/-/pure-rand-6.1.0.tgz",
      "integrity": "sha512-bVWawvoZoBYpp6yIoQtQXHZjmz35RSVHnUOTefl8Vcjr8snTPY1wnpSPMWekcFwbxI6gtmT7rSYPFvz71ldiOA==",
      "funding": [
        {
          "type": "individual",
          "url": "https://github.com/sponsors/dubzzz"
        },
        {
          "type": "opencollective",
          "url": "https://opencollective.com/fast-check"
        }
      ]
    }
  },
  "dependencies": {
    "@relateby/graph": {
      "version": "file:../../../typescript/packages/graph",
      "requires": {
        "typescript": "^5.0.0",
        "vitest": "^2.0.0"
      }
    },
    "@relateby/pattern": {
      "version": "file:../../../typescript/packages/pattern",
      "requires": {
        "@types/node": "^25.3.0",
        "rollup": "^4.59.0",
        "typescript": "^5.0.0",
        "vitest": "^2.0.0"
      }
    },
    "@standard-schema/spec": {
      "version": "1.1.0",
      "resolved": "https://registry.npmjs.org/@standard-schema/spec/-/spec-1.1.0.tgz",
      "integrity": "sha512-l2aFy5jALhniG5HgqrD6jXLi/rUWrKvqN/qJx6yoJsgKhblVd+iqqU4RCXavm/jPityDo5TCvKMnpjKnOriy0w=="
    },
    "effect": {
      "version": "3.20.0",
      "resolved": "https://registry.npmjs.org/effect/-/effect-3.20.0.tgz",
      "integrity": "sha512-qMLfDJscrNG8p/aw+IkT9W7fgj50Z4wG5bLBy0Txsxz8iUHjDIkOgO3SV0WZfnQbNG2VJYb0b+rDLMrhM4+Krw==",
      "requires": {
        "@standard-schema/spec": "^1.0.0",
        "fast-check": "^3.23.1"
      }
    },
    "fast-check": {
      "version": "3.23.2",
      "resolved": "https://registry.npmjs.org/fast-check/-/fast-check-3.23.2.tgz",
      "integrity": "sha512-h5+1OzzfCC3Ef7VbtKdcv7zsstUQwUDlYpUTvjeUsJAssPgLn7QzbboPtL5ro04Mq0rPOsMzl7q5hIbRs2wD1A==",
      "requires": {
        "pure-rand": "^6.1.0"
      }
    },
    "pure-rand": {
      "version": "6.1.0",
      "resolved": "https://registry.npmjs.org/pure-rand/-/pure-rand-6.1.0.tgz",
      "integrity": "sha512-bVWawvoZoBYpp6yIoQtQXHZjmz35RSVHnUOTefl8Vcjr8snTPY1wnpSPMWekcFwbxI6gtmT7rSYPFvz71ldiOA=="
    }
  }
}
