{
  "name": "gram-codec-wasm-node-example",
  "version": "0.1.0",
  "lockfileVersion": 3,
  "requires": true,
  "packages": {
    "": {
      "name": "gram-codec-wasm-node-example",
      "version": "0.1.0",
      "license": "Apache-2.0",
      "dependencies": {
        "gram-codec": "file:../../crates/gram-codec/pkg"
      }
    },
    "../../crates/gram-codec/pkg": {
      "name": "gram-codec",
      "version": "0.1.0",
      "license": "BSD-3-Clause"
    },
    "node_modules/gram-codec": {
      "resolved": "../../crates/gram-codec/pkg",
      "link": true
    }
  }
}
