{
  "name": "relateby-graph-example",
  "version": "0.1.0",
  "lockfileVersion": 2,
  "requires": true,
  "packages": {
    "": {
      "name": "relateby-graph-example",
      "version": "0.1.0",
      "dependencies": {
        "@relateby/graph": "file:../../typescript/@relateby/graph",
        "@relateby/pattern": "file:../../typescript/@relateby/pattern"
      }
    },
    "../../typescript/@relateby/graph": {
      "version": "0.1.0",
      "devDependencies": {
        "typescript": "^5.0.0",
        "vitest": "^2.0.0"
      },
      "peerDependencies": {
        "effect": ">=3.0.0"
      },
      "peerDependenciesMeta": {
        "effect": {
          "optional": true
        }
      }
    },
    "../../typescript/@relateby/pattern": {
      "version": "0.1.0",
      "dependencies": {
        "@relateby/graph": "file:../@relateby/graph"
      },
      "devDependencies": {
        "typescript": "^5.0.0",
        "vitest": "^2.0.0"
      },
      "peerDependencies": {
        "effect": ">=3.0.0"
      },
      "peerDependenciesMeta": {
        "effect": {
          "optional": true
        }
      }
    },
    "node_modules/@relateby/graph": {
      "resolved": "../../typescript/@relateby/graph",
      "link": true
    },
    "node_modules/@relateby/pattern": {
      "resolved": "../../typescript/@relateby/pattern",
      "link": true
    }
  },
  "dependencies": {
    "@relateby/graph": {
      "version": "file:../../typescript/@relateby/graph",
      "requires": {
        "typescript": "^5.0.0",
        "vitest": "^2.0.0"
      }
    },
    "@relateby/pattern": {
      "version": "file:../../typescript/@relateby/pattern",
      "requires": {
        "@relateby/graph": "file:../@relateby/graph",
        "typescript": "^5.0.0",
        "vitest": "^2.0.0"
      }
    }
  }
}
