{
  "name": "relateby-graph-example",
  "version": "0.1.0",
  "lockfileVersion": 2,
  "requires": true,
  "packages": {
    "": {
      "name": "relateby-graph-example",
      "version": "0.1.0",
      "dependencies": {
        "@relateby/pattern": "file:../../typescript/@relateby/pattern"
      }
    },
    "../../typescript/@relateby/graph": {
      "version": "0.1.0",
      "extraneous": true,
      "devDependencies": {
        "typescript": "^5.0.0",
        "vitest": "^2.0.0"
      },
      "peerDependencies": {
        "effect": ">=3.0.0"
      },
      "peerDependenciesMeta": {
        "effect": {
          "optional": true
        }
      }
    },
    "../../typescript/@relateby/pattern": {
      "version": "0.2.5",
      "license": "BSD-3-Clause",
      "devDependencies": {
        "@types/node": "^25.3.0",
        "rollup": "^4.59.0",
        "typescript": "^5.0.0",
        "vitest": "^2.0.0"
      },
      "peerDependencies": {
        "effect": ">=3.0.0"
      }
    },
    "node_modules/@relateby/pattern": {
      "resolved": "../../typescript/@relateby/pattern",
      "link": true
    }
  },
  "dependencies": {
    "@relateby/pattern": {
      "version": "file:../../typescript/@relateby/pattern",
      "requires": {
        "@types/node": "^25.3.0",
        "rollup": "^4.59.0",
        "typescript": "^5.0.0",
        "vitest": "^2.0.0"
      }
    }
  }
}
